
Microsoft Visual Studio Solution File, Format Version 12.00
# Visual Studio Version 17
VisualStudioVersion = 17.0.31903.59
MinimumVisualStudioVersion = 10.0.40219.1
Project("{FAE04EC0-301F-11D3-BF4B-00C04F79EFBC}") = "Rivet.Console", "Rivet.Console\Rivet.Console.csproj", "{E6856FC4-EBCB-47E7-B931-5E7B795F9D6F}"
EndProject
Project("{FAE04EC0-301F-11D3-BF4B-00C04F79EFBC}") = "Rivet.Service", "Rivet.Service\Rivet.Service.csproj", "{99DD08B3-E309-45CE-8017-4A6CB47BA9B7}"
EndProject
Project("{FAE04EC0-301F-11D3-BF4B-00C04F79EFBC}") = "Rivet.Infrastructure", "Rivet.Infrastructure\Rivet.Infrastructure.csproj", "{817CAC1E-C218-4820-8F21-B9CA64686DB4}"
EndProject
Project("{FAE04EC0-301F-11D3-BF4B-00C04F79EFBC}") = "Rivet.WPF", "Rivet.WPF\Rivet.WPF.csproj", "{D4F2C3A1-5E8B-4F2A-9C3B-1E7D4A2F5C8B}"
EndProject
Project("{FAE04EC0-301F-11D3-BF4B-00C04F79EFBC}") = "Rivet.WPF.Tests", "..\tests\Rivet.WPF.Tests\Rivet.WPF.Tests.csproj", "{E7G3D4B2-6F9C-5G3B-AD4C-2F8E5B3G6D9C}"
EndProject
Global
	GlobalSection(SolutionConfigurationPlatforms) = preSolution
		Debug|Any CPU = Debug|Any CPU
		Debug|x64 = Debug|x64
		Debug|x86 = Debug|x86
		Release|Any CPU = Release|Any CPU
		Release|x64 = Release|x64
		Release|x86 = Release|x86
	EndGlobalSection
	GlobalSection(ProjectConfigurationPlatforms) = postSolution
		{E6856FC4-EBCB-47E7-B931-5E7B795F9D6F}.Debug|Any CPU.ActiveCfg = Debug|Any CPU
		{E6856FC4-EBCB-47E7-B931-5E7B795F9D6F}.Debug|Any CPU.Build.0 = Debug|Any CPU
		{E6856FC4-EBCB-47E7-B931-5E7B795F9D6F}.Debug|x64.ActiveCfg = Debug|Any CPU
		{E6856FC4-EBCB-47E7-B931-5E7B795F9D6F}.Debug|x64.Build.0 = Debug|Any CPU
		{E6856FC4-EBCB-47E7-B931-5E7B795F9D6F}.Debug|x86.ActiveCfg = Debug|Any CPU
		{E6856FC4-EBCB-47E7-B931-5E7B795F9D6F}.Debug|x86.Build.0 = Debug|Any CPU
		{E6856FC4-EBCB-47E7-B931-5E7B795F9D6F}.Release|Any CPU.ActiveCfg = Release|Any CPU
		{E6856FC4-EBCB-47E7-B931-5E7B795F9D6F}.Release|Any CPU.Build.0 = Release|Any CPU
		{E6856FC4-EBCB-47E7-B931-5E7B795F9D6F}.Release|x64.ActiveCfg = Release|Any CPU
		{E6856FC4-EBCB-47E7-B931-5E7B795F9D6F}.Release|x64.Build.0 = Release|Any CPU
		{E6856FC4-EBCB-47E7-B931-5E7B795F9D6F}.Release|x86.ActiveCfg = Release|Any CPU
		{E6856FC4-EBCB-47E7-B931-5E7B795F9D6F}.Release|x86.Build.0 = Release|Any CPU
		{99DD08B3-E309-45CE-8017-4A6CB47BA9B7}.Debug|Any CPU.ActiveCfg = Debug|Any CPU
		{99DD08B3-E309-45CE-8017-4A6CB47BA9B7}.Debug|Any CPU.Build.0 = Debug|Any CPU
		{99DD08B3-E309-45CE-8017-4A6CB47BA9B7}.Debug|x64.ActiveCfg = Debug|Any CPU
		{99DD08B3-E309-45CE-8017-4A6CB47BA9B7}.Debug|x64.Build.0 = Debug|Any CPU
		{99DD08B3-E309-45CE-8017-4A6CB47BA9B7}.Debug|x86.ActiveCfg = Debug|Any CPU
		{99DD08B3-E309-45CE-8017-4A6CB47BA9B7}.Debug|x86.Build.0 = Debug|Any CPU
		{99DD08B3-E309-45CE-8017-4A6CB47BA9B7}.Release|Any CPU.ActiveCfg = Release|Any CPU
		{99DD08B3-E309-45CE-8017-4A6CB47BA9B7}.Release|Any CPU.Build.0 = Release|Any CPU
		{99DD08B3-E309-45CE-8017-4A6CB47BA9B7}.Release|x64.ActiveCfg = Release|Any CPU
		{99DD08B3-E309-45CE-8017-4A6CB47BA9B7}.Release|x64.Build.0 = Release|Any CPU
		{99DD08B3-E309-45CE-8017-4A6CB47BA9B7}.Release|x86.ActiveCfg = Release|Any CPU
		{99DD08B3-E309-45CE-8017-4A6CB47BA9B7}.Release|x86.Build.0 = Release|Any CPU
		{817CAC1E-C218-4820-8F21-B9CA64686DB4}.Debug|Any CPU.ActiveCfg = Debug|Any CPU
		{817CAC1E-C218-4820-8F21-B9CA64686DB4}.Debug|Any CPU.Build.0 = Debug|Any CPU
		{817CAC1E-C218-4820-8F21-B9CA64686DB4}.Debug|x64.ActiveCfg = Debug|Any CPU
		{817CAC1E-C218-4820-8F21-B9CA64686DB4}.Debug|x64.Build.0 = Debug|Any CPU
		{817CAC1E-C218-4820-8F21-B9CA64686DB4}.Debug|x86.ActiveCfg = Debug|Any CPU
		{817CAC1E-C218-4820-8F21-B9CA64686DB4}.Debug|x86.Build.0 = Debug|Any CPU
		{817CAC1E-C218-4820-8F21-B9CA64686DB4}.Release|Any CPU.ActiveCfg = Release|Any CPU
		{817CAC1E-C218-4820-8F21-B9CA64686DB4}.Release|Any CPU.Build.0 = Release|Any CPU
		{817CAC1E-C218-4820-8F21-B9CA64686DB4}.Release|x64.ActiveCfg = Release|Any CPU
		{817CAC1E-C218-4820-8F21-B9CA64686DB4}.Release|x64.Build.0 = Release|Any CPU
		{817CAC1E-C218-4820-8F21-B9CA64686DB4}.Release|x86.ActiveCfg = Release|Any CPU
		{817CAC1E-C218-4820-8F21-B9CA64686DB4}.Release|x86.Build.0 = Release|Any CPU
		{D4F2C3A1-5E8B-4F2A-9C3B-1E7D4A2F5C8B}.Debug|Any CPU.ActiveCfg = Debug|Any CPU
		{D4F2C3A1-5E8B-4F2A-9C3B-1E7D4A2F5C8B}.Debug|Any CPU.Build.0 = Debug|Any CPU
		{D4F2C3A1-5E8B-4F2A-9C3B-1E7D4A2F5C8B}.Debug|x64.ActiveCfg = Debug|Any CPU
		{D4F2C3A1-5E8B-4F2A-9C3B-1E7D4A2F5C8B}.Debug|x64.Build.0 = Debug|Any CPU
		{D4F2C3A1-5E8B-4F2A-9C3B-1E7D4A2F5C8B}.Debug|x86.ActiveCfg = Debug|Any CPU
		{D4F2C3A1-5E8B-4F2A-9C3B-1E7D4A2F5C8B}.Debug|x86.Build.0 = Debug|Any CPU
		{D4F2C3A1-5E8B-4F2A-9C3B-1E7D4A2F5C8B}.Release|Any CPU.ActiveCfg = Release|Any CPU
		{D4F2C3A1-5E8B-4F2A-9C3B-1E7D4A2F5C8B}.Release|Any CPU.Build.0 = Release|Any CPU
		{D4F2C3A1-5E8B-4F2A-9C3B-1E7D4A2F5C8B}.Release|x64.ActiveCfg = Release|Any CPU
		{D4F2C3A1-5E8B-4F2A-9C3B-1E7D4A2F5C8B}.Release|x64.Build.0 = Release|Any CPU
		{D4F2C3A1-5E8B-4F2A-9C3B-1E7D4A2F5C8B}.Release|x86.ActiveCfg = Release|Any CPU
		{D4F2C3A1-5E8B-4F2A-9C3B-1E7D4A2F5C8B}.Release|x86.Build.0 = Release|Any CPU
		{E7G3D4B2-6F9C-5G3B-AD4C-2F8E5B3G6D9C}.Debug|Any CPU.ActiveCfg = Debug|Any CPU
		{E7G3D4B2-6F9C-5G3B-AD4C-2F8E5B3G6D9C}.Debug|Any CPU.Build.0 = Debug|Any CPU
		{E7G3D4B2-6F9C-5G3B-AD4C-2F8E5B3G6D9C}.Debug|x64.ActiveCfg = Debug|Any CPU
		{E7G3D4B2-6F9C-5G3B-AD4C-2F8E5B3G6D9C}.Debug|x64.Build.0 = Debug|Any CPU
		{E7G3D4B2-6F9C-5G3B-AD4C-2F8E5B3G6D9C}.Debug|x86.ActiveCfg = Debug|Any CPU
		{E7G3D4B2-6F9C-5G3B-AD4C-2F8E5B3G6D9C}.Debug|x86.Build.0 = Debug|Any CPU
		{E7G3D4B2-6F9C-5G3B-AD4C-2F8E5B3G6D9C}.Release|Any CPU.ActiveCfg = Release|Any CPU
		{E7G3D4B2-6F9C-5G3B-AD4C-2F8E5B3G6D9C}.Release|Any CPU.Build.0 = Release|Any CPU
		{E7G3D4B2-6F9C-5G3B-AD4C-2F8E5B3G6D9C}.Release|x64.ActiveCfg = Release|Any CPU
		{E7G3D4B2-6F9C-5G3B-AD4C-2F8E5B3G6D9C}.Release|x64.Build.0 = Release|Any CPU
		{E7G3D4B2-6F9C-5G3B-AD4C-2F8E5B3G6D9C}.Release|x86.ActiveCfg = Release|Any CPU
		{E7G3D4B2-6F9C-5G3B-AD4C-2F8E5B3G6D9C}.Release|x86.Build.0 = Release|Any CPU
	EndGlobalSection
	GlobalSection(SolutionProperties) = preSolution
		HideSolutionNode = FALSE
	EndGlobalSection
EndGlobal
